
Microsoft Visual Studio Solution File, Format Version 12.00
# Visual Studio Version 17
VisualStudioVersion = 17.13.35931.197
MinimumVisualStudioVersion = 10.0.40219.1
Project("{2150E333-8FDC-42A3-9474-1A3956D46DE8}") = "Solution Items", "Solution Items", "{02EA681E-C7D8-13C7-8484-4AC65E1B71E8}"
	ProjectSection(SolutionItems) = preProject
		.editorconfig = .editorconfig
	EndProjectSection
EndProject
Project("{FAE04EC0-301F-11D3-BF4B-00C04F79EFBC}") = "PVMS.Application", "..\PVMS.Application\PVMS.Application.csproj", "{79FF7288-B682-525F-6F41-47464933BA6D}"
EndProject
Project("{FAE04EC0-301F-11D3-BF4B-00C04F79EFBC}") = "PVMS.Domain", "..\PVMS.Domain\PVMS.Domain.csproj", "{C5F5D42A-E2B0-696A-4337-852A489B6E9B}"
EndProject
Project("{FAE04EC0-301F-11D3-BF4B-00C04F79EFBC}") = "PVMS.Infrastructure", "..\PVMS.Infrastructure\PVMS.Infrastructure.csproj", "{6AFCBC2B-51E1-418A-F61A-6728475137E8}"
EndProject
Project("{FAE04EC0-301F-11D3-BF4B-00C04F79EFBC}") = "PVMS", "PVMS.csproj", "{2ECCD497-15B8-4B4B-DEE7-5EDBA859FF33}"
EndProject
Global
	GlobalSection(SolutionConfigurationPlatforms) = preSolution
		Debug|Any CPU = Debug|Any CPU
		Release|Any CPU = Release|Any CPU
	EndGlobalSection
	GlobalSection(ProjectConfigurationPlatforms) = postSolution
		{79FF7288-B682-525F-6F41-47464933BA6D}.Debug|Any CPU.ActiveCfg = Debug|Any CPU
		{79FF7288-B682-525F-6F41-47464933BA6D}.Debug|Any CPU.Build.0 = Debug|Any CPU
		{79FF7288-B682-525F-6F41-47464933BA6D}.Release|Any CPU.ActiveCfg = Release|Any CPU
		{79FF7288-B682-525F-6F41-47464933BA6D}.Release|Any CPU.Build.0 = Release|Any CPU
		{C5F5D42A-E2B0-696A-4337-852A489B6E9B}.Debug|Any CPU.ActiveCfg = Debug|Any CPU
		{C5F5D42A-E2B0-696A-4337-852A489B6E9B}.Debug|Any CPU.Build.0 = Debug|Any CPU
		{C5F5D42A-E2B0-696A-4337-852A489B6E9B}.Release|Any CPU.ActiveCfg = Release|Any CPU
		{C5F5D42A-E2B0-696A-4337-852A489B6E9B}.Release|Any CPU.Build.0 = Release|Any CPU
		{6AFCBC2B-51E1-418A-F61A-6728475137E8}.Debug|Any CPU.ActiveCfg = Debug|Any CPU
		{6AFCBC2B-51E1-418A-F61A-6728475137E8}.Debug|Any CPU.Build.0 = Debug|Any CPU
		{6AFCBC2B-51E1-418A-F61A-6728475137E8}.Release|Any CPU.ActiveCfg = Release|Any CPU
		{6AFCBC2B-51E1-418A-F61A-6728475137E8}.Release|Any CPU.Build.0 = Release|Any CPU
		{2ECCD497-15B8-4B4B-DEE7-5EDBA859FF33}.Debug|Any CPU.ActiveCfg = Debug|Any CPU
		{2ECCD497-15B8-4B4B-DEE7-5EDBA859FF33}.Debug|Any CPU.Build.0 = Debug|Any CPU
		{2ECCD497-15B8-4B4B-DEE7-5EDBA859FF33}.Release|Any CPU.ActiveCfg = Release|Any CPU
		{2ECCD497-15B8-4B4B-DEE7-5EDBA859FF33}.Release|Any CPU.Build.0 = Release|Any CPU
	EndGlobalSection
	GlobalSection(SolutionProperties) = preSolution
		HideSolutionNode = FALSE
	EndGlobalSection
	GlobalSection(ExtensibilityGlobals) = postSolution
		SolutionGuid = {88A3F3E7-DF84-4A45-BA55-7C34CB901599}
	EndGlobalSection
EndGlobal
